
Microsoft Visual Studio Solution File, Format Version 12.00
# Visual Studio 14
VisualStudioVersion = 14.0.23107.0
MinimumVisualStudioVersion = 10.0.40219.1
Project("{F184B08F-C81C-45F6-A57F-5ABD9991F28F}") = "Fuel Management System", "Fuel Management System\Fuel Management System.vbproj", "{D0F2CAD9-FEAA-4DA7-9D5C-34A3BADF3F0D}"
EndProject
Global
	GlobalSection(SolutionConfigurationPlatforms) = preSolution
		Debug|Any CPU = Debug|Any CPU
		Release|Any CPU = Release|Any CPU
	EndGlobalSection
	GlobalSection(ProjectConfigurationPlatforms) = postSolution
		{D0F2CAD9-FEAA-4DA7-9D5C-34A3BADF3F0D}.Debug|Any CPU.ActiveCfg = Debug|Any CPU
		{D0F2CAD9-FEAA-4DA7-9D5C-34A3BADF3F0D}.Debug|Any CPU.Build.0 = Debug|Any CPU
		{D0F2CAD9-FEAA-4DA7-9D5C-34A3BADF3F0D}.Release|Any CPU.ActiveCfg = Release|Any CPU
		{D0F2CAD9-FEAA-4DA7-9D5C-34A3BADF3F0D}.Release|Any CPU.Build.0 = Release|Any CPU
	EndGlobalSection
	GlobalSection(SolutionProperties) = preSolution
		HideSolutionNode = FALSE
	EndGlobalSection
EndGlobal
